
Microsoft Visual Studio Solution File, Format Version 12.00
# Visual Studio Version 16
VisualStudioVersion = 16.0.32106.194
MinimumVisualStudioVersion = 10.0.40219.1
Project("{FAE04EC0-301F-11D3-BF4B-00C04F79EFBC}") = "TrueOrFalse", "TrueOrFalse\TrueOrFalse.csproj", "{7B0CBCA1-5938-4933-8C5F-281C24D072FB}"
EndProject
Global
	GlobalSection(SolutionConfigurationPlatforms) = preSolution
		Debug|Any CPU = Debug|Any CPU
		Release|Any CPU = Release|Any CPU
	EndGlobalSection
	GlobalSection(ProjectConfigurationPlatforms) = postSolution
		{7B0CBCA1-5938-4933-8C5F-281C24D072FB}.Debug|Any CPU.ActiveCfg = Debug|Any CPU
		{7B0CBCA1-5938-4933-8C5F-281C24D072FB}.Debug|Any CPU.Build.0 = Debug|Any CPU
		{7B0CBCA1-5938-4933-8C5F-281C24D072FB}.Release|Any CPU.ActiveCfg = Release|Any CPU
		{7B0CBCA1-5938-4933-8C5F-281C24D072FB}.Release|Any CPU.Build.0 = Release|Any CPU
	EndGlobalSection
	GlobalSection(SolutionProperties) = preSolution
		HideSolutionNode = FALSE
	EndGlobalSection
	GlobalSection(ExtensibilityGlobals) = postSolution
		SolutionGuid = {455353E8-1409-4CC0-947C-B08D25A788C4}
	EndGlobalSection
EndGlobal
